// !$*UTF8*$!
{
	archiveVersion = 1;
	classes = {
	};
	objectVersion = 48;
	objects = {

/* Begin PBXBuildFile section */
		5EB64C75206B34D5006AD3B4 /* Images.xcassets in Resources */ = {isa = PBXBuildFile; fileRef = 5EB64C74206B34D5006AD3B4 /* Images.xcassets */; };
		5EB64C7D206B3E91006AD3B4 /* image.jpg in Resources */ = {isa = PBXBuildFile; fileRef = 5EB64C7C206B3E90006AD3B4 /* image.jpg */; };
		B92ADA132060ED3500C5CC9F /* RNSHandler.m in Sources */ = {isa = PBXBuildFile; fileRef = B92ADA122060ED3500C5CC9F /* RNSHandler.m */; };
		B9A25412205F823A00ED9CC0 /* AppDelegate.m in Sources */ = {isa = PBXBuildFile; fileRef = B9A25411205F823A00ED9CC0 /* AppDelegate.m */; };
		B9A25415205F823A00ED9CC0 /* ViewController.m in Sources */ = {isa = PBXBuildFile; fileRef = B9A25414205F823A00ED9CC0 /* ViewController.m */; };
		B9A25420205F823A00ED9CC0 /* main.m in Sources */ = {isa = PBXBuildFile; fileRef = B9A2541F205F823A00ED9CC0 /* main.m */; };
		B9A2542C205F836B00ED9CC0 /* RNSComponentContext.m in Sources */ = {isa = PBXBuildFile; fileRef = B9A2542B205F836B00ED9CC0 /* RNSComponentContext.m */; };
		B9A25434205F83B400ED9CC0 /* _RNSComponentHandler.m in Sources */ = {isa = PBXBuildFile; fileRef = B9A25431205F83B400ED9CC0 /* _RNSComponentHandler.m */; };
		B9A25435205F83B400ED9CC0 /* _RNSDealgateDispatcher.m in Sources */ = {isa = PBXBuildFile; fileRef = B9A25433205F83B400ED9CC0 /* _RNSDealgateDispatcher.m */; };
		B9A25438205F84F200ED9CC0 /* UIView + RNSComponent.m in Sources */ = {isa = PBXBuildFile; fileRef = B9A25437205F84F200ED9CC0 /* UIView + RNSComponent.m */; };
		B9A2543B205F870D00ED9CC0 /* _RNSComponentViewPool.m in Sources */ = {isa = PBXBuildFile; fileRef = B9A2543A205F870D00ED9CC0 /* _RNSComponentViewPool.m */; };
		B9E775D42063C15F00A4D274 /* NSObject + RNSComponent.m in Sources */ = {isa = PBXBuildFile; fileRef = B9E775D32063C15F00A4D274 /* NSObject + RNSComponent.m */; };
/* End PBXBuildFile section */

/* Begin PBXFileReference section */
		5EB64C74206B34D5006AD3B4 /* Images.xcassets */ = {isa = PBXFileReference; lastKnownFileType = folder.assetcatalog; path = Images.xcassets; sourceTree = "<group>"; };
		5EB64C7C206B3E90006AD3B4 /* image.jpg */ = {isa = PBXFileReference; lastKnownFileType = image.jpeg; path = image.jpg; sourceTree = "<group>"; };
		B92ADA112060ED3500C5CC9F /* RNSHandler.h */ = {isa = PBXFileReference; lastKnownFileType = sourcecode.c.h; path = RNSHandler.h; sourceTree = "<group>"; };
		B92ADA122060ED3500C5CC9F /* RNSHandler.m */ = {isa = PBXFileReference; lastKnownFileType = sourcecode.c.objc; path = RNSHandler.m; sourceTree = "<group>"; };
		B9A2540D205F823A00ED9CC0 /* ReusableNestingScrollview.app */ = {isa = PBXFileReference; explicitFileType = wrapper.application; includeInIndex = 0; path = ReusableNestingScrollview.app; sourceTree = BUILT_PRODUCTS_DIR; };
		B9A25410205F823A00ED9CC0 /* AppDelegate.h */ = {isa = PBXFileReference; lastKnownFileType = sourcecode.c.h; path = AppDelegate.h; sourceTree = "<group>"; };
		B9A25411205F823A00ED9CC0 /* AppDelegate.m */ = {isa = PBXFileReference; lastKnownFileType = sourcecode.c.objc; path = AppDelegate.m; sourceTree = "<group>"; };
		B9A25413205F823A00ED9CC0 /* ViewController.h */ = {isa = PBXFileReference; lastKnownFileType = sourcecode.c.h; path = ViewController.h; sourceTree = "<group>"; };
		B9A25414205F823A00ED9CC0 /* ViewController.m */ = {isa = PBXFileReference; lastKnownFileType = sourcecode.c.objc; path = ViewController.m; sourceTree = "<group>"; };
		B9A2541E205F823A00ED9CC0 /* Info.plist */ = {isa = PBXFileReference; lastKnownFileType = text.plist.xml; path = Info.plist; sourceTree = "<group>"; };
		B9A2541F205F823A00ED9CC0 /* main.m */ = {isa = PBXFileReference; lastKnownFileType = sourcecode.c.objc; path = main.m; sourceTree = "<group>"; };
		B9A2542A205F836B00ED9CC0 /* RNSComponentContext.h */ = {isa = PBXFileReference; lastKnownFileType = sourcecode.c.h; path = RNSComponentContext.h; sourceTree = "<group>"; };
		B9A2542B205F836B00ED9CC0 /* RNSComponentContext.m */ = {isa = PBXFileReference; lastKnownFileType = sourcecode.c.objc; path = RNSComponentContext.m; sourceTree = "<group>"; };
		B9A25430205F83B300ED9CC0 /* _RNSComponentHandler.h */ = {isa = PBXFileReference; fileEncoding = 4; lastKnownFileType = sourcecode.c.h; path = _RNSComponentHandler.h; sourceTree = "<group>"; };
		B9A25431205F83B400ED9CC0 /* _RNSComponentHandler.m */ = {isa = PBXFileReference; fileEncoding = 4; lastKnownFileType = sourcecode.c.objc; path = _RNSComponentHandler.m; sourceTree = "<group>"; };
		B9A25432205F83B400ED9CC0 /* _RNSDealgateDispatcher.h */ = {isa = PBXFileReference; fileEncoding = 4; lastKnownFileType = sourcecode.c.h; path = _RNSDealgateDispatcher.h; sourceTree = "<group>"; };
		B9A25433205F83B400ED9CC0 /* _RNSDealgateDispatcher.m */ = {isa = PBXFileReference; fileEncoding = 4; lastKnownFileType = sourcecode.c.objc; path = _RNSDealgateDispatcher.m; sourceTree = "<group>"; };
		B9A25436205F84F200ED9CC0 /* UIView + RNSComponent.h */ = {isa = PBXFileReference; lastKnownFileType = sourcecode.c.h; path = "UIView + RNSComponent.h"; sourceTree = "<group>"; };
		B9A25437205F84F200ED9CC0 /* UIView + RNSComponent.m */ = {isa = PBXFileReference; lastKnownFileType = sourcecode.c.objc; path = "UIView + RNSComponent.m"; sourceTree = "<group>"; };
		B9A25439205F870D00ED9CC0 /* _RNSComponentViewPool.h */ = {isa = PBXFileReference; lastKnownFileType = sourcecode.c.h; path = _RNSComponentViewPool.h; sourceTree = "<group>"; };
		B9A2543A205F870D00ED9CC0 /* _RNSComponentViewPool.m */ = {isa = PBXFileReference; lastKnownFileType = sourcecode.c.objc; path = _RNSComponentViewPool.m; sourceTree = "<group>"; };
		B9E775D22063C15F00A4D274 /* NSObject + RNSComponent.h */ = {isa = PBXFileReference; lastKnownFileType = sourcecode.c.h; path = "NSObject + RNSComponent.h"; sourceTree = "<group>"; };
		B9E775D32063C15F00A4D274 /* NSObject + RNSComponent.m */ = {isa = PBXFileReference; lastKnownFileType = sourcecode.c.objc; path = "NSObject + RNSComponent.m"; sourceTree = "<group>"; };
		B9E775D82063C60D00A4D274 /* RNSModelProtocol.h */ = {isa = PBXFileReference; lastKnownFileType = sourcecode.c.h; path = RNSModelProtocol.h; sourceTree = "<group>"; };
/* End PBXFileReference section */

/* Begin PBXFrameworksBuildPhase section */
		B9A2540A205F823A00ED9CC0 /* Frameworks */ = {
			isa = PBXFrameworksBuildPhase;
			buildActionMask = 2147483647;
			files = (
			);
			runOnlyForDeploymentPostprocessing = 0;
		};
/* End PBXFrameworksBuildPhase section */

/* Begin PBXGroup section */
		5EB64C76206B3A5E006AD3B4 /* Source */ = {
			isa = PBXGroup;
			children = (
				B9A25437205F84F200ED9CC0 /* UIView + RNSComponent.m */,
				B9A25436205F84F200ED9CC0 /* UIView + RNSComponent.h */,
				B9E775D22063C15F00A4D274 /* NSObject + RNSComponent.h */,
				B9E775D32063C15F00A4D274 /* NSObject + RNSComponent.m */,
				B9A25432205F83B400ED9CC0 /* _RNSDealgateDispatcher.h */,
				B9A25433205F83B400ED9CC0 /* _RNSDealgateDispatcher.m */,
				B9A25439205F870D00ED9CC0 /* _RNSComponentViewPool.h */,
				B9A2543A205F870D00ED9CC0 /* _RNSComponentViewPool.m */,
				B9A25430205F83B300ED9CC0 /* _RNSComponentHandler.h */,
				B9A25431205F83B400ED9CC0 /* _RNSComponentHandler.m */,
				B9A2542A205F836B00ED9CC0 /* RNSComponentContext.h */,
				B9A2542B205F836B00ED9CC0 /* RNSComponentContext.m */,
				B92ADA112060ED3500C5CC9F /* RNSHandler.h */,
				B92ADA122060ED3500C5CC9F /* RNSHandler.m */,
				B9E775D82063C60D00A4D274 /* RNSModelProtocol.h */,
			);
			path = Source;
			sourceTree = "<group>";
		};
		5EB64C77206B3A64006AD3B4 /* Example */ = {
			isa = PBXGroup;
			children = (
				5EB64C7C206B3E90006AD3B4 /* image.jpg */,
				B9A25413205F823A00ED9CC0 /* ViewController.h */,
				B9A25414205F823A00ED9CC0 /* ViewController.m */,
			);
			path = Example;
			sourceTree = "<group>";
		};
		B9A25404205F823A00ED9CC0 = {
			isa = PBXGroup;
			children = (
				B9A2540F205F823A00ED9CC0 /* ReusableNestingScrollview */,
				B9A2540E205F823A00ED9CC0 /* Products */,
			);
			sourceTree = "<group>";
		};
		B9A2540E205F823A00ED9CC0 /* Products */ = {
			isa = PBXGroup;
			children = (
				B9A2540D205F823A00ED9CC0 /* ReusableNestingScrollview.app */,
			);
			name = Products;
			sourceTree = "<group>";
		};
		B9A2540F205F823A00ED9CC0 /* ReusableNestingScrollview */ = {
			isa = PBXGroup;
			children = (
				5EB64C77206B3A64006AD3B4 /* Example */,
				5EB64C76206B3A5E006AD3B4 /* Source */,
				B9A25410205F823A00ED9CC0 /* AppDelegate.h */,
				B9A25411205F823A00ED9CC0 /* AppDelegate.m */,
				B9A2541E205F823A00ED9CC0 /* Info.plist */,
				B9A2541F205F823A00ED9CC0 /* main.m */,
				5EB64C74206B34D5006AD3B4 /* Images.xcassets */,
			);
			path = ReusableNestingScrollview;
			sourceTree = "<group>";
		};
/* End PBXGroup section */

/* Begin PBXNativeTarget section */
		B9A2540C205F823A00ED9CC0 /* ReusableNestingScrollview */ = {
			isa = PBXNativeTarget;
			buildConfigurationList = B9A25423205F823A00ED9CC0 /* Build configuration list for PBXNativeTarget "ReusableNestingScrollview" */;
			buildPhases = (
				B9A25409205F823A00ED9CC0 /* Sources */,
				B9A2540A205F823A00ED9CC0 /* Frameworks */,
				B9A2540B205F823A00ED9CC0 /* Resources */,
			);
			buildRules = (
			);
			dependencies = (
			);
			name = ReusableNestingScrollview;
			productName = ReusableNestingScrollview;
			productReference = B9A2540D205F823A00ED9CC0 /* ReusableNestingScrollview.app */;
			productType = "com.apple.product-type.application";
		};
/* End PBXNativeTarget section */

/* Begin PBXProject section */
		B9A25405205F823A00ED9CC0 /* Project object */ = {
			isa = PBXProject;
			attributes = {
				LastUpgradeCheck = 0920;
				ORGANIZATIONNAME = HybridPageKit;
				TargetAttributes = {
					B9A2540C205F823A00ED9CC0 = {
						CreatedOnToolsVersion = 9.2;
						ProvisioningStyle = Manual;
					};
				};
			};
			buildConfigurationList = B9A25408205F823A00ED9CC0 /* Build configuration list for PBXProject "ReusableNestingScrollview" */;
			compatibilityVersion = "Xcode 8.0";
			developmentRegion = en;
			hasScannedForEncodings = 0;
			knownRegions = (
				en,
				Base,
			);
			mainGroup = B9A25404205F823A00ED9CC0;
			productRefGroup = B9A2540E205F823A00ED9CC0 /* Products */;
			projectDirPath = "";
			projectRoot = "";
			targets = (
				B9A2540C205F823A00ED9CC0 /* ReusableNestingScrollview */,
			);
		};
/* End PBXProject section */

/* Begin PBXResourcesBuildPhase section */
		B9A2540B205F823A00ED9CC0 /* Resources */ = {
			isa = PBXResourcesBuildPhase;
			buildActionMask = 2147483647;
			files = (
				5EB64C75206B34D5006AD3B4 /* Images.xcassets in Resources */,
				5EB64C7D206B3E91006AD3B4 /* image.jpg in Resources */,
			);
			runOnlyForDeploymentPostprocessing = 0;
		};
/* End PBXResourcesBuildPhase section */

/* Begin PBXSourcesBuildPhase section */
		B9A25409205F823A00ED9CC0 /* Sources */ = {
			isa = PBXSourcesBuildPhase;
			buildActionMask = 2147483647;
			files = (
				B9A2543B205F870D00ED9CC0 /* _RNSComponentViewPool.m in Sources */,
				B9A25415205F823A00ED9CC0 /* ViewController.m in Sources */,
				B92ADA132060ED3500C5CC9F /* RNSHandler.m in Sources */,
				B9A25434205F83B400ED9CC0 /* _RNSComponentHandler.m in Sources */,
				B9A25435205F83B400ED9CC0 /* _RNSDealgateDispatcher.m in Sources */,
				B9A2542C205F836B00ED9CC0 /* RNSComponentContext.m in Sources */,
				B9A25420205F823A00ED9CC0 /* main.m in Sources */,
				B9E775D42063C15F00A4D274 /* NSObject + RNSComponent.m in Sources */,
				B9A25438205F84F200ED9CC0 /* UIView + RNSComponent.m in Sources */,
				B9A25412205F823A00ED9CC0 /* AppDelegate.m in Sources */,
			);
			runOnlyForDeploymentPostprocessing = 0;
		};
/* End PBXSourcesBuildPhase section */

/* Begin XCBuildConfiguration section */
		B9A25421205F823A00ED9CC0 /* Debug */ = {
			isa = XCBuildConfiguration;
			buildSettings = {
				ALWAYS_SEARCH_USER_PATHS = NO;
				CLANG_ANALYZER_NONNULL = YES;
				CLANG_ANALYZER_NUMBER_OBJECT_CONVERSION = YES_AGGRESSIVE;
				CLANG_CXX_LANGUAGE_STANDARD = "gnu++14";
				CLANG_CXX_LIBRARY = "libc++";
				CLANG_ENABLE_MODULES = YES;
				CLANG_ENABLE_OBJC_ARC = YES;
				CLANG_WARN_BLOCK_CAPTURE_AUTORELEASING = YES;
				CLANG_WARN_BOOL_CONVERSION = YES;
				CLANG_WARN_COMMA = YES;
				CLANG_WARN_CONSTANT_CONVERSION = YES;
				CLANG_WARN_DIRECT_OBJC_ISA_USAGE = YES_ERROR;
				CLANG_WARN_DOCUMENTATION_COMMENTS = YES;
				CLANG_WARN_EMPTY_BODY = YES;
				CLANG_WARN_ENUM_CONVERSION = YES;
				CLANG_WARN_INFINITE_RECURSION = YES;
				CLANG_WARN_INT_CONVERSION = YES;
				CLANG_WARN_NON_LITERAL_NULL_CONVERSION = YES;
				CLANG_WARN_OBJC_LITERAL_CONVERSION = YES;
				CLANG_WARN_OBJC_ROOT_CLASS = YES_ERROR;
				CLANG_WARN_RANGE_LOOP_ANALYSIS = YES;
				CLANG_WARN_STRICT_PROTOTYPES = YES;
				CLANG_WARN_SUSPICIOUS_MOVE = YES;
				CLANG_WARN_UNGUARDED_AVAILABILITY = YES_AGGRESSIVE;
				CLANG_WARN_UNREACHABLE_CODE = YES;
				CLANG_WARN__DUPLICATE_METHOD_MATCH = YES;
				CODE_SIGN_IDENTITY = "iPhone Developer";
				COPY_PHASE_STRIP = NO;
				DEBUG_INFORMATION_FORMAT = dwarf;
				ENABLE_STRICT_OBJC_MSGSEND = YES;
				ENABLE_TESTABILITY = YES;
				GCC_C_LANGUAGE_STANDARD = gnu11;
				GCC_DYNAMIC_NO_PIC = NO;
				GCC_NO_COMMON_BLOCKS = YES;
				GCC_OPTIMIZATION_LEVEL = 0;
				GCC_PREPROCESSOR_DEFINITIONS = (
					"DEBUG=1",
					"$(inherited)",
				);
				GCC_WARN_64_TO_32_BIT_CONVERSION = YES;
				GCC_WARN_ABOUT_RETURN_TYPE = YES_ERROR;
				GCC_WARN_UNDECLARED_SELECTOR = YES;
				GCC_WARN_UNINITIALIZED_AUTOS = YES_AGGRESSIVE;
				GCC_WARN_UNUSED_FUNCTION = YES;
				GCC_WARN_UNUSED_VARIABLE = YES;
				IPHONEOS_DEPLOYMENT_TARGET = 8.0;
				MTL_ENABLE_DEBUG_INFO = YES;
				ONLY_ACTIVE_ARCH = YES;
				SDKROOT = iphoneos;
			};
			name = Debug;
		};
		B9A25422205F823A00ED9CC0 /* Release */ = {
			isa = XCBuildConfiguration;
			buildSettings = {
				ALWAYS_SEARCH_USER_PATHS = NO;
				CLANG_ANALYZER_NONNULL = YES;
				CLANG_ANALYZER_NUMBER_OBJECT_CONVERSION = YES_AGGRESSIVE;
				CLANG_CXX_LANGUAGE_STANDARD = "gnu++14";
				CLANG_CXX_LIBRARY = "libc++";
				CLANG_ENABLE_MODULES = YES;
				CLANG_ENABLE_OBJC_ARC = YES;
				CLANG_WARN_BLOCK_CAPTURE_AUTORELEASING = YES;
				CLANG_WARN_BOOL_CONVERSION = YES;
				CLANG_WARN_COMMA = YES;
				CLANG_WARN_CONSTANT_CONVERSION = YES;
				CLANG_WARN_DIRECT_OBJC_ISA_USAGE = YES_ERROR;
				CLANG_WARN_DOCUMENTATION_COMMENTS = YES;
				CLANG_WARN_EMPTY_BODY = YES;
				CLANG_WARN_ENUM_CONVERSION = YES;
				CLANG_WARN_INFINITE_RECURSION = YES;
				CLANG_WARN_INT_CONVERSION = YES;
				CLANG_WARN_NON_LITERAL_NULL_CONVERSION = YES;
				CLANG_WARN_OBJC_LITERAL_CONVERSION = YES;
				CLANG_WARN_OBJC_ROOT_CLASS = YES_ERROR;
				CLANG_WARN_RANGE_LOOP_ANALYSIS = YES;
				CLANG_WARN_STRICT_PROTOTYPES = YES;
				CLANG_WARN_SUSPICIOUS_MOVE = YES;
				CLANG_WARN_UNGUARDED_AVAILABILITY = YES_AGGRESSIVE;
				CLANG_WARN_UNREACHABLE_CODE = YES;
				CLANG_WARN__DUPLICATE_METHOD_MATCH = YES;
				CODE_SIGN_IDENTITY = "iPhone Developer";
				COPY_PHASE_STRIP = NO;
				DEBUG_INFORMATION_FORMAT = "dwarf-with-dsym";
				ENABLE_NS_ASSERTIONS = NO;
				ENABLE_STRICT_OBJC_MSGSEND = YES;
				GCC_C_LANGUAGE_STANDARD = gnu11;
				GCC_NO_COMMON_BLOCKS = YES;
				GCC_WARN_64_TO_32_BIT_CONVERSION = YES;
				GCC_WARN_ABOUT_RETURN_TYPE = YES_ERROR;
				GCC_WARN_UNDECLARED_SELECTOR = YES;
				GCC_WARN_UNINITIALIZED_AUTOS = YES_AGGRESSIVE;
				GCC_WARN_UNUSED_FUNCTION = YES;
				GCC_WARN_UNUSED_VARIABLE = YES;
				IPHONEOS_DEPLOYMENT_TARGET = 8.0;
				MTL_ENABLE_DEBUG_INFO = NO;
				SDKROOT = iphoneos;
				VALIDATE_PRODUCT = YES;
			};
			name = Release;
		};
		B9A25424205F823A00ED9CC0 /* Debug */ = {
			isa = XCBuildConfiguration;
			buildSettings = {
				ASSETCATALOG_COMPILER_APPICON_NAME = AppIcon;
				ASSETCATALOG_COMPILER_LAUNCHIMAGE_NAME = LaunchImage;
				"CODE_SIGN_IDENTITY[sdk=iphoneos*]" = "iPhone Developer";
				CODE_SIGN_STYLE = Manual;
				DEVELOPMENT_TEAM = "";
				INFOPLIST_FILE = ReusableNestingScrollview/Info.plist;
				IPHONEOS_DEPLOYMENT_TARGET = 8.0;
				LD_RUNPATH_SEARCH_PATHS = "$(inherited) @executable_path/Frameworks";
				PRODUCT_BUNDLE_IDENTIFIER = com.HybridPageKit.ReusableNestingScrollview;
				PRODUCT_NAME = "$(TARGET_NAME)";
				PROVISIONING_PROFILE = "";
				PROVISIONING_PROFILE_SPECIFIER = "";
				TARGETED_DEVICE_FAMILY = 1;
			};
			name = Debug;
		};
		B9A25425205F823A00ED9CC0 /* Release */ = {
			isa = XCBuildConfiguration;
			buildSettings = {
				ASSETCATALOG_COMPILER_APPICON_NAME = AppIcon;
				ASSETCATALOG_COMPILER_LAUNCHIMAGE_NAME = LaunchImage;
				"CODE_SIGN_IDENTITY[sdk=iphoneos*]" = "iPhone Developer";
				CODE_SIGN_STYLE = Manual;
				DEVELOPMENT_TEAM = "";
				INFOPLIST_FILE = ReusableNestingScrollview/Info.plist;
				IPHONEOS_DEPLOYMENT_TARGET = 8.0;
				LD_RUNPATH_SEARCH_PATHS = "$(inherited) @executable_path/Frameworks";
				PRODUCT_BUNDLE_IDENTIFIER = com.HybridPageKit.ReusableNestingScrollview;
				PRODUCT_NAME = "$(TARGET_NAME)";
				PROVISIONING_PROFILE_SPECIFIER = "";
				TARGETED_DEVICE_FAMILY = 1;
			};
			name = Release;
		};
/* End XCBuildConfiguration section */

/* Begin XCConfigurationList section */
		B9A25408205F823A00ED9CC0 /* Build configuration list for PBXProject "ReusableNestingScrollview" */ = {
			isa = XCConfigurationList;
			buildConfigurations = (
				B9A25421205F823A00ED9CC0 /* Debug */,
				B9A25422205F823A00ED9CC0 /* Release */,
			);
			defaultConfigurationIsVisible = 0;
			defaultConfigurationName = Release;
		};
		B9A25423205F823A00ED9CC0 /* Build configuration list for PBXNativeTarget "ReusableNestingScrollview" */ = {
			isa = XCConfigurationList;
			buildConfigurations = (
				B9A25424205F823A00ED9CC0 /* Debug */,
				B9A25425205F823A00ED9CC0 /* Release */,
			);
			defaultConfigurationIsVisible = 0;
			defaultConfigurationName = Release;
		};
/* End XCConfigurationList section */
	};
	rootObject = B9A25405205F823A00ED9CC0 /* Project object */;
}
